
Microsoft Visual Studio Solution File, Format Version 12.00
# Visual Studio Version 16
VisualStudioVersion = 16.0.30104.148
MinimumVisualStudioVersion = 10.0.40219.1
Project("{2150E333-8FDC-42A3-9474-1A3956D46DE8}") = "Solution Items", "Solution Items", "{4A0346F0-EABA-4BB6-AD6B-D662C9F51CC7}"
	ProjectSection(SolutionItems) = preProject
		.editorconfig = .editorconfig
	EndProjectSection
EndProject
Project("{2150E333-8FDC-42A3-9474-1A3956D46DE8}") = "src", "src", "{B95A4D53-2B89-4A1A-B6D5-EFAC01378F0E}"
EndProject
Project("{2150E333-8FDC-42A3-9474-1A3956D46DE8}") = "tests", "tests", "{C6C3D76F-6A3C-466C-A0B9-8467F0CE8AA3}"
EndProject
Project("{FAE04EC0-301F-11D3-BF4B-00C04F79EFBC}") = "Discounty.WebUI", "src\Discounty.WebUI\Discounty.WebUI.csproj", "{6B92BB11-B05B-4EDD-A02E-1D9433784F00}"
EndProject
Global
	GlobalSection(SolutionConfigurationPlatforms) = preSolution
		Debug|Any CPU = Debug|Any CPU
		Release|Any CPU = Release|Any CPU
	EndGlobalSection
	GlobalSection(ProjectConfigurationPlatforms) = postSolution
		{6B92BB11-B05B-4EDD-A02E-1D9433784F00}.Debug|Any CPU.ActiveCfg = Debug|Any CPU
		{6B92BB11-B05B-4EDD-A02E-1D9433784F00}.Debug|Any CPU.Build.0 = Debug|Any CPU
		{6B92BB11-B05B-4EDD-A02E-1D9433784F00}.Release|Any CPU.ActiveCfg = Release|Any CPU
		{6B92BB11-B05B-4EDD-A02E-1D9433784F00}.Release|Any CPU.Build.0 = Release|Any CPU
	EndGlobalSection
	GlobalSection(SolutionProperties) = preSolution
		HideSolutionNode = FALSE
	EndGlobalSection
	GlobalSection(NestedProjects) = preSolution
		{6B92BB11-B05B-4EDD-A02E-1D9433784F00} = {B95A4D53-2B89-4A1A-B6D5-EFAC01378F0E}
	EndGlobalSection
	GlobalSection(ExtensibilityGlobals) = postSolution
		SolutionGuid = {9E56AA2F-4C5D-4819-B1FB-71624FAD0DD9}
	EndGlobalSection
EndGlobal
